
Microsoft Visual Studio Solution File, Format Version 11.00
# Visual Studio 2010
Project("{8BC9CEB8-8B4A-11D0-8D11-00A0C91BC942}") = "ctp_quote_qt", "ctp_quote_qt.vcxproj", "{53B2DE9D-4BA0-397B-90F9-61344A62F6F9}"
EndProject
Global
	GlobalSection(SolutionConfigurationPlatforms) = preSolution
		Debug|Win32 = Debug|Win32
		Release|Win32 = Release|Win32
	EndGlobalSection
	GlobalSection(ProjectConfigurationPlatforms) = postSolution
		{53B2DE9D-4BA0-397B-90F9-61344A62F6F9}.Debug|Win32.ActiveCfg = Debug|Win32
		{53B2DE9D-4BA0-397B-90F9-61344A62F6F9}.Debug|Win32.Build.0 = Debug|Win32
		{53B2DE9D-4BA0-397B-90F9-61344A62F6F9}.Release|Win32.ActiveCfg = Release|Win32
		{53B2DE9D-4BA0-397B-90F9-61344A62F6F9}.Release|Win32.Build.0 = Release|Win32
	EndGlobalSection
	GlobalSection(SolutionProperties) = preSolution
		HideSolutionNode = FALSE
	EndGlobalSection
EndGlobal
